
Microsoft Visual Studio Solution File, Format Version 12.00
# Visual Studio 15
VisualStudioVersion = 15.0.27428.2015
MinimumVisualStudioVersion = 10.0.40219.1
Project("{FAE04EC0-301F-11D3-BF4B-00C04F79EFBC}") = "Add-in", "Add-in\Add-in.csproj", "{4E0361B6-88B8-4184-924C-D1D1E3220895}"
EndProject
Global
	GlobalSection(SolutionConfigurationPlatforms) = preSolution
		Debug|Any CPU = Debug|Any CPU
		Release|Any CPU = Release|Any CPU
	EndGlobalSection
	GlobalSection(ProjectConfigurationPlatforms) = postSolution
		{4E0361B6-88B8-4184-924C-D1D1E3220895}.Debug|Any CPU.ActiveCfg = Debug|Any CPU
		{4E0361B6-88B8-4184-924C-D1D1E3220895}.Debug|Any CPU.Build.0 = Debug|Any CPU
		{4E0361B6-88B8-4184-924C-D1D1E3220895}.Release|Any CPU.ActiveCfg = Release|Any CPU
		{4E0361B6-88B8-4184-924C-D1D1E3220895}.Release|Any CPU.Build.0 = Release|Any CPU
	EndGlobalSection
	GlobalSection(SolutionProperties) = preSolution
		HideSolutionNode = FALSE
	EndGlobalSection
	GlobalSection(ExtensibilityGlobals) = postSolution
		SolutionGuid = {7A304A3A-189B-48A1-8348-4FB9C5EFAE2F}
	EndGlobalSection
EndGlobal
